
Microsoft Visual Studio Solution File, Format Version 12.00
# Visual Studio Version 17
VisualStudioVersion = 17.10.35122.118
MinimumVisualStudioVersion = 10.0.40219.1
Project("{FAE04EC0-301F-11D3-BF4B-00C04F79EFBC}") = "Cards.WebScrape", "Cards.WebScrape\Cards.WebScrape.csproj", "{1113066F-40F6-448F-BAF1-A2554F65F704}"
EndProject
Global
	GlobalSection(SolutionConfigurationPlatforms) = preSolution
		Debug|Any CPU = Debug|Any CPU
		Release|Any CPU = Release|Any CPU
	EndGlobalSection
	GlobalSection(ProjectConfigurationPlatforms) = postSolution
		{1113066F-40F6-448F-BAF1-A2554F65F704}.Debug|Any CPU.ActiveCfg = Debug|Any CPU
		{1113066F-40F6-448F-BAF1-A2554F65F704}.Debug|Any CPU.Build.0 = Debug|Any CPU
		{1113066F-40F6-448F-BAF1-A2554F65F704}.Release|Any CPU.ActiveCfg = Release|Any CPU
		{1113066F-40F6-448F-BAF1-A2554F65F704}.Release|Any CPU.Build.0 = Release|Any CPU
	EndGlobalSection
	GlobalSection(SolutionProperties) = preSolution
		HideSolutionNode = FALSE
	EndGlobalSection
	GlobalSection(ExtensibilityGlobals) = postSolution
		SolutionGuid = {AA8AAEDC-50BE-440F-9634-39D891EB1A84}
	EndGlobalSection
EndGlobal
